github.com/allure-framework/allure-go/commons v1.3.0 h1:PJuSpbLxR3ukPyRf4VGAeXzlWmccSzIYMys4WyVJoWY=
github.com/allure-framework/allure-go/commons v1.3.0/go.mod h1:h+DnKOe9nlqqZFi18LjWq6UVfj3uno5z8itU7+sysAE=
github.com/stretchr/testify v1.12.1 h1:EuwCh5fleGS7H32xRwO3wRGT7DxrDhLAT6FF8MpWDWE=
github.com/stretchr/testify v1.12.1/go.mod h1:MDEgiDPPsNp5cuIrHPPCyornHKgEVbtFUmoNlxoYthg=
go.yaml.in/yaml/v3 v3.0.5 h1:N6y/pJk8buWs9NY5ERU2HSMfm+IuD/OtfdAnq6kESPw=
go.yaml.in/yaml/v3 v3.0.5/go.mod h1:HVTZu1O7/Vkt2N+BFy8Zza+lnLsABggaTM2ZpNIGuKg=
